
Microsoft Visual Studio Solution File, Format Version 12.00
# Visual Studio Version 17
VisualStudioVersion = 17.10.35122.118
MinimumVisualStudioVersion = 10.0.40219.1
Project("{FAE04EC0-301F-11D3-BF4B-00C04F79EFBC}") = "Esame", "Esame\Esame.csproj", "{85517C88-5DAC-430B-9F17-70730A16242F}"
EndProject
Global
	GlobalSection(SolutionConfigurationPlatforms) = preSolution
		Debug|Any CPU = Debug|Any CPU
		Release|Any CPU = Release|Any CPU
	EndGlobalSection
	GlobalSection(ProjectConfigurationPlatforms) = postSolution
		{85517C88-5DAC-430B-9F17-70730A16242F}.Debug|Any CPU.ActiveCfg = Debug|Any CPU
		{85517C88-5DAC-430B-9F17-70730A16242F}.Debug|Any CPU.Build.0 = Debug|Any CPU
		{85517C88-5DAC-430B-9F17-70730A16242F}.Debug|Any CPU.Deploy.0 = Debug|Any CPU
		{85517C88-5DAC-430B-9F17-70730A16242F}.Release|Any CPU.ActiveCfg = Release|Any CPU
		{85517C88-5DAC-430B-9F17-70730A16242F}.Release|Any CPU.Build.0 = Release|Any CPU
		{85517C88-5DAC-430B-9F17-70730A16242F}.Release|Any CPU.Deploy.0 = Release|Any CPU
	EndGlobalSection
	GlobalSection(SolutionProperties) = preSolution
		HideSolutionNode = FALSE
	EndGlobalSection
	GlobalSection(ExtensibilityGlobals) = postSolution
		SolutionGuid = {18F7D0D9-4F67-4317-BD26-3315B36469C8}
	EndGlobalSection
EndGlobal
